
Microsoft Visual Studio Solution File, Format Version 12.00
# Visual Studio Version 17
VisualStudioVersion = 17.10.35027.167
MinimumVisualStudioVersion = 10.0.40219.1
Project("{9A19103F-16F7-4668-BE54-9A1E7A4F7556}") = "Api", "Api\Api.csproj", "{9DD2D8D0-E0D3-41E3-85F0-5AC57474E050}"
EndProject
Project("{9A19103F-16F7-4668-BE54-9A1E7A4F7556}") = "Application", "Application\Application.csproj", "{C06D7559-0DB1-4E03-A157-DB381671710E}"
EndProject
Project("{9A19103F-16F7-4668-BE54-9A1E7A4F7556}") = "Infrastructure", "Infrastructure\Infrastructure.csproj", "{3878C1AF-4DF6-4B0D-9239-B898DBE1E644}"
EndProject
Project("{9A19103F-16F7-4668-BE54-9A1E7A4F7556}") = "Shared", "Shared\Shared.csproj", "{BAE1649C-34B6-4084-9A59-4AA1AAA397D1}"
EndProject
Project("{9A19103F-16F7-4668-BE54-9A1E7A4F7556}") = "Domain", "Domain\Domain.csproj", "{BE07329B-99FA-40AB-897F-44F66AB7406A}"
EndProject
Global
	GlobalSection(SolutionConfigurationPlatforms) = preSolution
		Debug|Any CPU = Debug|Any CPU
		Release|Any CPU = Release|Any CPU
	EndGlobalSection
	GlobalSection(ProjectConfigurationPlatforms) = postSolution
		{9DD2D8D0-E0D3-41E3-85F0-5AC57474E050}.Debug|Any CPU.ActiveCfg = Debug|Any CPU
		{9DD2D8D0-E0D3-41E3-85F0-5AC57474E050}.Debug|Any CPU.Build.0 = Debug|Any CPU
		{9DD2D8D0-E0D3-41E3-85F0-5AC57474E050}.Release|Any CPU.ActiveCfg = Release|Any CPU
		{9DD2D8D0-E0D3-41E3-85F0-5AC57474E050}.Release|Any CPU.Build.0 = Release|Any CPU
		{C06D7559-0DB1-4E03-A157-DB381671710E}.Debug|Any CPU.ActiveCfg = Debug|Any CPU
		{C06D7559-0DB1-4E03-A157-DB381671710E}.Debug|Any CPU.Build.0 = Debug|Any CPU
		{C06D7559-0DB1-4E03-A157-DB381671710E}.Release|Any CPU.ActiveCfg = Release|Any CPU
		{C06D7559-0DB1-4E03-A157-DB381671710E}.Release|Any CPU.Build.0 = Release|Any CPU
		{3878C1AF-4DF6-4B0D-9239-B898DBE1E644}.Debug|Any CPU.ActiveCfg = Debug|Any CPU
		{3878C1AF-4DF6-4B0D-9239-B898DBE1E644}.Debug|Any CPU.Build.0 = Debug|Any CPU
		{3878C1AF-4DF6-4B0D-9239-B898DBE1E644}.Release|Any CPU.ActiveCfg = Release|Any CPU
		{3878C1AF-4DF6-4B0D-9239-B898DBE1E644}.Release|Any CPU.Build.0 = Release|Any CPU
		{BAE1649C-34B6-4084-9A59-4AA1AAA397D1}.Debug|Any CPU.ActiveCfg = Debug|Any CPU
		{BAE1649C-34B6-4084-9A59-4AA1AAA397D1}.Debug|Any CPU.Build.0 = Debug|Any CPU
		{BAE1649C-34B6-4084-9A59-4AA1AAA397D1}.Release|Any CPU.ActiveCfg = Release|Any CPU
		{BAE1649C-34B6-4084-9A59-4AA1AAA397D1}.Release|Any CPU.Build.0 = Release|Any CPU
		{BE07329B-99FA-40AB-897F-44F66AB7406A}.Debug|Any CPU.ActiveCfg = Debug|Any CPU
		{BE07329B-99FA-40AB-897F-44F66AB7406A}.Debug|Any CPU.Build.0 = Debug|Any CPU
		{BE07329B-99FA-40AB-897F-44F66AB7406A}.Release|Any CPU.ActiveCfg = Release|Any CPU
		{BE07329B-99FA-40AB-897F-44F66AB7406A}.Release|Any CPU.Build.0 = Release|Any CPU
	EndGlobalSection
	GlobalSection(SolutionProperties) = preSolution
		HideSolutionNode = FALSE
	EndGlobalSection
	GlobalSection(ExtensibilityGlobals) = postSolution
		SolutionGuid = {EFF21B52-6260-43C7-96EF-51EAC1BFA334}
	EndGlobalSection
EndGlobal
